
Microsoft Visual Studio Solution File, Format Version 12.00
# Visual Studio Version 17
VisualStudioVersion = 17.9.34723.18
MinimumVisualStudioVersion = 10.0.40219.1
Project("{FAE04EC0-301F-11D3-BF4B-00C04F79EFBC}") = "ornLib", "ornLib\ornLib.csproj", "{8DEDD1E9-80E9-4F15-9D92-63BC0D940150}"
EndProject
Global
	GlobalSection(SolutionConfigurationPlatforms) = preSolution
		Debug|Any CPU = Debug|Any CPU
		Release|Any CPU = Release|Any CPU
	EndGlobalSection
	GlobalSection(ProjectConfigurationPlatforms) = postSolution
		{8DEDD1E9-80E9-4F15-9D92-63BC0D940150}.Debug|Any CPU.ActiveCfg = Debug|Any CPU
		{8DEDD1E9-80E9-4F15-9D92-63BC0D940150}.Debug|Any CPU.Build.0 = Debug|Any CPU
		{8DEDD1E9-80E9-4F15-9D92-63BC0D940150}.Release|Any CPU.ActiveCfg = Release|Any CPU
		{8DEDD1E9-80E9-4F15-9D92-63BC0D940150}.Release|Any CPU.Build.0 = Release|Any CPU
	EndGlobalSection
	GlobalSection(SolutionProperties) = preSolution
		HideSolutionNode = FALSE
	EndGlobalSection
	GlobalSection(ExtensibilityGlobals) = postSolution
		SolutionGuid = {12595268-81A5-4EAA-9CF6-D5DABC2D90F6}
	EndGlobalSection
EndGlobal
